#MicroXplorer Configuration settings - do not modify
ADC1.Channel-0\#ChannelRegularConversion=ADC_CHANNEL_16
ADC1.Channel-1\#ChannelRegularConversion=ADC_CHANNEL_17
ADC1.Channel-2\#ChannelRegularConversion=ADC_CHANNEL_14
ADC1.Channel-3\#ChannelRegularConversion=ADC_CHANNEL_15
ADC1.Channel-4\#ChannelRegularConversion=ADC_CHANNEL_18
ADC1.Channel-5\#ChannelRegularConversion=ADC_CHANNEL_19
ADC1.ContinuousConvMode=DISABLE
ADC1.EOCSelection=ADC_EOC_SEQ_CONV
ADC1.ExternalTrigConv=ADC_EXTERNALTRIG_HR1_ADCTRG1
ADC1.ExternalTrigConvEdge=ADC_EXTERNALTRIGCONVEDGE_RISING
ADC1.IPParameters=Rank-0\#ChannelRegularConversion,Channel-0\#ChannelRegularConversion,SamplingTime-0\#ChannelRegularConversion,OffsetNumber-0\#ChannelRegularConversion,OffsetSignedSaturation-0\#ChannelRegularConversion,NbrOfConversionFlag,ContinuousConvMode,EOCSelection,Rank-1\#ChannelRegularConversion,Channel-1\#ChannelRegularConversion,SamplingTime-1\#ChannelRegularConversion,OffsetNumber-1\#ChannelRegularConversion,OffsetSignedSaturation-1\#ChannelRegularConversion,Rank-2\#ChannelRegularConversion,Channel-2\#ChannelRegularConversion,SamplingTime-2\#ChannelRegularConversion,OffsetNumber-2\#ChannelRegularConversion,OffsetSignedSaturation-2\#ChannelRegularConversion,Rank-3\#ChannelRegularConversion,Channel-3\#ChannelRegularConversion,SamplingTime-3\#ChannelRegularConversion,OffsetNumber-3\#ChannelRegularConversion,OffsetSignedSaturation-3\#ChannelRegularConversion,Rank-4\#ChannelRegularConversion,Channel-4\#ChannelRegularConversion,SamplingTime-4\#ChannelRegularConversion,OffsetNumber-4\#ChannelRegularConversion,OffsetSignedSaturation-4\#ChannelRegularConversion,Rank-5\#ChannelRegularConversion,Channel-5\#ChannelRegularConversion,SamplingTime-5\#ChannelRegularConversion,OffsetNumber-5\#ChannelRegularConversion,OffsetSignedSaturation-5\#ChannelRegularConversion,NbrOfConversion,ExternalTrigConvEdge,OversamplingMode,RightBitShift,Ratio,OversamplingStopReset,TriggeredMode,ExternalTrigConv,master
ADC1.NbrOfConversion=6
ADC1.NbrOfConversionFlag=1
ADC1.OffsetNumber-0\#ChannelRegularConversion=ADC_OFFSET_NONE
ADC1.OffsetNumber-1\#ChannelRegularConversion=ADC_OFFSET_NONE
ADC1.OffsetNumber-2\#ChannelRegularConversion=ADC_OFFSET_NONE
ADC1.OffsetNumber-3\#ChannelRegularConversion=ADC_OFFSET_NONE
ADC1.OffsetNumber-4\#ChannelRegularConversion=ADC_OFFSET_NONE
ADC1.OffsetNumber-5\#ChannelRegularConversion=ADC_OFFSET_NONE
ADC1.OffsetSignedSaturation-0\#ChannelRegularConversion=DISABLE
ADC1.OffsetSignedSaturation-1\#ChannelRegularConversion=DISABLE
ADC1.OffsetSignedSaturation-2\#ChannelRegularConversion=DISABLE
ADC1.OffsetSignedSaturation-3\#ChannelRegularConversion=DISABLE
ADC1.OffsetSignedSaturation-4\#ChannelRegularConversion=DISABLE
ADC1.OffsetSignedSaturation-5\#ChannelRegularConversion=DISABLE
ADC1.OversamplingMode=ENABLE
ADC1.OversamplingStopReset=ADC_REGOVERSAMPLING_RESUMED_MODE
ADC1.Rank-0\#ChannelRegularConversion=1
ADC1.Rank-1\#ChannelRegularConversion=2
ADC1.Rank-2\#ChannelRegularConversion=3
ADC1.Rank-3\#ChannelRegularConversion=4
ADC1.Rank-4\#ChannelRegularConversion=5
ADC1.Rank-5\#ChannelRegularConversion=6
ADC1.Ratio=2
ADC1.RightBitShift=ADC_RIGHTBITSHIFT_1
ADC1.SamplingTime-0\#ChannelRegularConversion=ADC_SAMPLETIME_16CYCLES_5
ADC1.SamplingTime-1\#ChannelRegularConversion=ADC_SAMPLETIME_16CYCLES_5
ADC1.SamplingTime-2\#ChannelRegularConversion=ADC_SAMPLETIME_16CYCLES_5
ADC1.SamplingTime-3\#ChannelRegularConversion=ADC_SAMPLETIME_16CYCLES_5
ADC1.SamplingTime-4\#ChannelRegularConversion=ADC_SAMPLETIME_16CYCLES_5
ADC1.SamplingTime-5\#ChannelRegularConversion=ADC_SAMPLETIME_16CYCLES_5
ADC1.TriggeredMode=ADC_TRIGGEREDMODE_MULTI_TRIGGER
ADC1.master=1
ADC2.Channel-0\#ChannelRegularConversion=ADC_CHANNEL_3
ADC2.Channel-1\#ChannelRegularConversion=ADC_CHANNEL_7
ADC2.Channel-2\#ChannelRegularConversion=ADC_CHANNEL_4
ADC2.Channel-3\#ChannelRegularConversion=ADC_CHANNEL_8
ADC2.Channel-4\#ChannelRegularConversion=ADC_CHANNEL_9
ADC2.Channel-5\#ChannelRegularConversion=ADC_CHANNEL_5
ADC2.EOCSelection=ADC_EOC_SEQ_CONV
ADC2.ExternalTrigConv=ADC_EXTERNALTRIG_HR1_ADCTRG1
ADC2.IPParameters=Rank-0\#ChannelRegularConversion,Channel-0\#ChannelRegularConversion,SamplingTime-0\#ChannelRegularConversion,OffsetNumber-0\#ChannelRegularConversion,OffsetSignedSaturation-0\#ChannelRegularConversion,NbrOfConversionFlag,EOCSelection,Rank-1\#ChannelRegularConversion,Channel-1\#ChannelRegularConversion,SamplingTime-1\#ChannelRegularConversion,OffsetNumber-1\#ChannelRegularConversion,OffsetSignedSaturation-1\#ChannelRegularConversion,Rank-2\#ChannelRegularConversion,Channel-2\#ChannelRegularConversion,SamplingTime-2\#ChannelRegularConversion,OffsetNumber-2\#ChannelRegularConversion,OffsetSignedSaturation-2\#ChannelRegularConversion,Rank-3\#ChannelRegularConversion,Channel-3\#ChannelRegularConversion,SamplingTime-3\#ChannelRegularConversion,OffsetNumber-3\#ChannelRegularConversion,OffsetSignedSaturation-3\#ChannelRegularConversion,Rank-4\#ChannelRegularConversion,Channel-4\#ChannelRegularConversion,SamplingTime-4\#ChannelRegularConversion,OffsetNumber-4\#ChannelRegularConversion,OffsetSignedSaturation-4\#ChannelRegularConversion,Rank-5\#ChannelRegularConversion,Channel-5\#ChannelRegularConversion,SamplingTime-5\#ChannelRegularConversion,OffsetNumber-5\#ChannelRegularConversion,OffsetSignedSaturation-5\#ChannelRegularConversion,NbrOfConversion,ExternalTrigConv,OversamplingMode,RightBitShift,Ratio,OversamplingStopReset,TriggeredMode
ADC2.NbrOfConversion=6
ADC2.NbrOfConversionFlag=1
ADC2.OffsetNumber-0\#ChannelRegularConversion=ADC_OFFSET_NONE
ADC2.OffsetNumber-1\#ChannelRegularConversion=ADC_OFFSET_NONE
ADC2.OffsetNumber-2\#ChannelRegularConversion=ADC_OFFSET_NONE
ADC2.OffsetNumber-3\#ChannelRegularConversion=ADC_OFFSET_NONE
ADC2.OffsetNumber-4\#ChannelRegularConversion=ADC_OFFSET_NONE
ADC2.OffsetNumber-5\#ChannelRegularConversion=ADC_OFFSET_NONE
ADC2.OffsetSignedSaturation-0\#ChannelRegularConversion=DISABLE
ADC2.OffsetSignedSaturation-1\#ChannelRegularConversion=DISABLE
ADC2.OffsetSignedSaturation-2\#ChannelRegularConversion=DISABLE
ADC2.OffsetSignedSaturation-3\#ChannelRegularConversion=DISABLE
ADC2.OffsetSignedSaturation-4\#ChannelRegularConversion=DISABLE
ADC2.OffsetSignedSaturation-5\#ChannelRegularConversion=DISABLE
ADC2.OversamplingMode=ENABLE
ADC2.OversamplingStopReset=ADC_REGOVERSAMPLING_RESUMED_MODE
ADC2.Rank-0\#ChannelRegularConversion=1
ADC2.Rank-1\#ChannelRegularConversion=2
ADC2.Rank-2\#ChannelRegularConversion=3
ADC2.Rank-3\#ChannelRegularConversion=4
ADC2.Rank-4\#ChannelRegularConversion=5
ADC2.Rank-5\#ChannelRegularConversion=6
ADC2.Ratio=2
ADC2.RightBitShift=ADC_RIGHTBITSHIFT_1
ADC2.SamplingTime-0\#ChannelRegularConversion=ADC_SAMPLETIME_32CYCLES_5
ADC2.SamplingTime-1\#ChannelRegularConversion=ADC_SAMPLETIME_32CYCLES_5
ADC2.SamplingTime-2\#ChannelRegularConversion=ADC_SAMPLETIME_32CYCLES_5
ADC2.SamplingTime-3\#ChannelRegularConversion=ADC_SAMPLETIME_32CYCLES_5
ADC2.SamplingTime-4\#ChannelRegularConversion=ADC_SAMPLETIME_32CYCLES_5
ADC2.SamplingTime-5\#ChannelRegularConversion=ADC_SAMPLETIME_32CYCLES_5
ADC2.TriggeredMode=ADC_TRIGGEREDMODE_MULTI_TRIGGER
CORTEX_M7.CPU_DCache=Enabled
CORTEX_M7.CPU_ICache=Enabled
CORTEX_M7.IPParameters=CPU_ICache,CPU_DCache
Dma.ADC1.0.Direction=DMA_PERIPH_TO_MEMORY
Dma.ADC1.0.EventEnable=DISABLE
Dma.ADC1.0.FIFOMode=DMA_FIFOMODE_ENABLE
Dma.ADC1.0.FIFOThreshold=DMA_FIFO_THRESHOLD_1QUARTERFULL
Dma.ADC1.0.Instance=DMA1_Stream0
Dma.ADC1.0.MemBurst=DMA_MBURST_SINGLE
Dma.ADC1.0.MemDataAlignment=DMA_MDATAALIGN_HALFWORD
Dma.ADC1.0.MemInc=DMA_MINC_ENABLE
Dma.ADC1.0.Mode=DMA_CIRCULAR
Dma.ADC1.0.PeriphBurst=DMA_PBURST_SINGLE
Dma.ADC1.0.PeriphDataAlignment=DMA_PDATAALIGN_HALFWORD
Dma.ADC1.0.PeriphInc=DMA_PINC_DISABLE
Dma.ADC1.0.Polarity=HAL_DMAMUX_REQ_GEN_RISING
Dma.ADC1.0.Priority=DMA_PRIORITY_HIGH
Dma.ADC1.0.RequestNumber=1
Dma.ADC1.0.RequestParameters=Instance,Direction,PeriphInc,MemInc,PeriphDataAlignment,MemDataAlignment,Mode,Priority,FIFOMode,FIFOThreshold,MemBurst,PeriphBurst,SignalID,Polarity,RequestNumber,SyncSignalID,SyncPolarity,SyncEnable,EventEnable,SyncRequestNumber
Dma.ADC1.0.SignalID=NONE
Dma.ADC1.0.SyncEnable=DISABLE
Dma.ADC1.0.SyncPolarity=HAL_DMAMUX_SYNC_NO_EVENT
Dma.ADC1.0.SyncRequestNumber=1
Dma.ADC1.0.SyncSignalID=NONE
Dma.ADC2.1.Direction=DMA_PERIPH_TO_MEMORY
Dma.ADC2.1.EventEnable=DISABLE
Dma.ADC2.1.FIFOMode=DMA_FIFOMODE_ENABLE
Dma.ADC2.1.FIFOThreshold=DMA_FIFO_THRESHOLD_1QUARTERFULL
Dma.ADC2.1.Instance=DMA1_Stream1
Dma.ADC2.1.MemBurst=DMA_MBURST_SINGLE
Dma.ADC2.1.MemDataAlignment=DMA_MDATAALIGN_HALFWORD
Dma.ADC2.1.MemInc=DMA_MINC_ENABLE
Dma.ADC2.1.Mode=DMA_CIRCULAR
Dma.ADC2.1.PeriphBurst=DMA_PBURST_SINGLE
Dma.ADC2.1.PeriphDataAlignment=DMA_PDATAALIGN_HALFWORD
Dma.ADC2.1.PeriphInc=DMA_PINC_DISABLE
Dma.ADC2.1.Polarity=HAL_DMAMUX_REQ_GEN_RISING
Dma.ADC2.1.Priority=DMA_PRIORITY_HIGH
Dma.ADC2.1.RequestNumber=1
Dma.ADC2.1.RequestParameters=Instance,Direction,PeriphInc,MemInc,PeriphDataAlignment,MemDataAlignment,Mode,Priority,FIFOMode,FIFOThreshold,MemBurst,PeriphBurst,SignalID,Polarity,RequestNumber,SyncSignalID,SyncPolarity,SyncEnable,EventEnable,SyncRequestNumber
Dma.ADC2.1.SignalID=NONE
Dma.ADC2.1.SyncEnable=DISABLE
Dma.ADC2.1.SyncPolarity=HAL_DMAMUX_SYNC_NO_EVENT
Dma.ADC2.1.SyncRequestNumber=1
Dma.ADC2.1.SyncSignalID=NONE
Dma.Request0=ADC1
Dma.Request1=ADC2
Dma.Request2=SPI2_RX
Dma.Request3=SPI1_TX
Dma.RequestsNb=4
Dma.SPI1_TX.3.Direction=DMA_MEMORY_TO_PERIPH
Dma.SPI1_TX.3.EventEnable=DISABLE
Dma.SPI1_TX.3.FIFOMode=DMA_FIFOMODE_ENABLE
Dma.SPI1_TX.3.FIFOThreshold=DMA_FIFO_THRESHOLD_1QUARTERFULL
Dma.SPI1_TX.3.Instance=DMA1_Stream3
Dma.SPI1_TX.3.MemBurst=DMA_MBURST_SINGLE
Dma.SPI1_TX.3.MemDataAlignment=DMA_MDATAALIGN_BYTE
Dma.SPI1_TX.3.MemInc=DMA_MINC_ENABLE
Dma.SPI1_TX.3.Mode=DMA_NORMAL
Dma.SPI1_TX.3.PeriphBurst=DMA_PBURST_SINGLE
Dma.SPI1_TX.3.PeriphDataAlignment=DMA_PDATAALIGN_BYTE
Dma.SPI1_TX.3.PeriphInc=DMA_PINC_DISABLE
Dma.SPI1_TX.3.Polarity=HAL_DMAMUX_REQ_GEN_RISING
Dma.SPI1_TX.3.Priority=DMA_PRIORITY_HIGH
Dma.SPI1_TX.3.RequestNumber=1
Dma.SPI1_TX.3.RequestParameters=Instance,Direction,PeriphInc,MemInc,PeriphDataAlignment,MemDataAlignment,Mode,Priority,FIFOMode,FIFOThreshold,MemBurst,PeriphBurst,SignalID,Polarity,RequestNumber,SyncSignalID,SyncPolarity,SyncEnable,EventEnable,SyncRequestNumber
Dma.SPI1_TX.3.SignalID=NONE
Dma.SPI1_TX.3.SyncEnable=DISABLE
Dma.SPI1_TX.3.SyncPolarity=HAL_DMAMUX_SYNC_NO_EVENT
Dma.SPI1_TX.3.SyncRequestNumber=1
Dma.SPI1_TX.3.SyncSignalID=NONE
Dma.SPI2_RX.2.Direction=DMA_PERIPH_TO_MEMORY
Dma.SPI2_RX.2.EventEnable=DISABLE
Dma.SPI2_RX.2.FIFOMode=DMA_FIFOMODE_ENABLE
Dma.SPI2_RX.2.FIFOThreshold=DMA_FIFO_THRESHOLD_1QUARTERFULL
Dma.SPI2_RX.2.Instance=DMA1_Stream2
Dma.SPI2_RX.2.MemBurst=DMA_MBURST_SINGLE
Dma.SPI2_RX.2.MemDataAlignment=DMA_MDATAALIGN_BYTE
Dma.SPI2_RX.2.MemInc=DMA_MINC_ENABLE
Dma.SPI2_RX.2.Mode=DMA_CIRCULAR
Dma.SPI2_RX.2.PeriphBurst=DMA_PBURST_SINGLE
Dma.SPI2_RX.2.PeriphDataAlignment=DMA_PDATAALIGN_BYTE
Dma.SPI2_RX.2.PeriphInc=DMA_PINC_DISABLE
Dma.SPI2_RX.2.Polarity=HAL_DMAMUX_REQ_GEN_RISING
Dma.SPI2_RX.2.Priority=DMA_PRIORITY_MEDIUM
Dma.SPI2_RX.2.RequestNumber=1
Dma.SPI2_RX.2.RequestParameters=Instance,Direction,PeriphInc,MemInc,PeriphDataAlignment,MemDataAlignment,Mode,Priority,FIFOMode,FIFOThreshold,MemBurst,PeriphBurst,SignalID,Polarity,RequestNumber,SyncSignalID,SyncPolarity,SyncEnable,EventEnable,SyncRequestNumber
Dma.SPI2_RX.2.SignalID=NONE
Dma.SPI2_RX.2.SyncEnable=DISABLE
Dma.SPI2_RX.2.SyncPolarity=HAL_DMAMUX_SYNC_NO_EVENT
Dma.SPI2_RX.2.SyncRequestNumber=1
Dma.SPI2_RX.2.SyncSignalID=NONE
File.Version=6
HRTIM.ADCTrigger_Id1=HRTIM_ADCTRIGGER_1
HRTIM.Configuration_TA=Simple
HRTIM.Event_EEV1=__NULL
HRTIM.IPParameters=Event_EEV1,Configuration_TA,Periode_TA,ADCTrigger_Id1
HRTIM.Periode_TA=347
KeepUserPlacement=false
Mcu.Family=STM32H7
Mcu.IP0=ADC1
Mcu.IP1=ADC2
Mcu.IP10=SPI3
Mcu.IP11=SYS
Mcu.IP2=CORTEX_M7
Mcu.IP3=DMA
Mcu.IP4=HRTIM
Mcu.IP5=NVIC
Mcu.IP6=RCC
Mcu.IP7=RNG
Mcu.IP8=SPI1
Mcu.IP9=SPI2
Mcu.IPNb=12
Mcu.Name=STM32H750ZBTx
Mcu.Package=LQFP144
Mcu.Pin0=PH0-OSC_IN (PH0)
Mcu.Pin1=PH1-OSC_OUT (PH1)
Mcu.Pin10=PC4
Mcu.Pin11=PC5
Mcu.Pin12=PB0
Mcu.Pin13=PB1
Mcu.Pin14=PF11
Mcu.Pin15=PB12
Mcu.Pin16=PB13
Mcu.Pin17=PB14
Mcu.Pin18=PB15
Mcu.Pin19=PD11
Mcu.Pin2=PA0
Mcu.Pin20=PA15 (JTDI)
Mcu.Pin21=PC10
Mcu.Pin22=PC11
Mcu.Pin23=PC12
Mcu.Pin24=PD7
Mcu.Pin25=PG9
Mcu.Pin26=PG10
Mcu.Pin27=PG11
Mcu.Pin28=VP_HRTIM_VS_hrtimTimerANoOutput
Mcu.Pin29=VP_RNG_VS_RNG
Mcu.Pin3=PA1
Mcu.Pin30=VP_SYS_VS_Systick
Mcu.Pin4=PA2
Mcu.Pin5=PA3
Mcu.Pin6=PA4
Mcu.Pin7=PA5
Mcu.Pin8=PA6
Mcu.Pin9=PA7
Mcu.PinsNb=31
Mcu.ThirdPartyNb=0
Mcu.UserConstants=
Mcu.UserName=STM32H750ZBTx
MxCube.Version=6.0.1
MxDb.Version=DB.6.0.0
NVIC.BusFault_IRQn=true\:0\:0\:false\:false\:true\:false\:false
NVIC.DMA1_Stream0_IRQn=true\:0\:0\:false\:false\:true\:false\:true
NVIC.DMA1_Stream1_IRQn=true\:0\:0\:false\:false\:true\:false\:true
NVIC.DMA1_Stream2_IRQn=true\:0\:0\:false\:false\:true\:false\:true
NVIC.DMA1_Stream3_IRQn=true\:0\:0\:false\:false\:true\:false\:true
NVIC.DebugMonitor_IRQn=true\:0\:0\:false\:false\:true\:false\:false
NVIC.ForceEnableDMAVector=true
NVIC.HardFault_IRQn=true\:0\:0\:false\:false\:true\:false\:false
NVIC.MemoryManagement_IRQn=true\:0\:0\:false\:false\:true\:false\:false
NVIC.NonMaskableInt_IRQn=true\:0\:0\:false\:false\:true\:false\:false
NVIC.PendSV_IRQn=true\:0\:0\:false\:false\:true\:false\:false
NVIC.PriorityGroup=NVIC_PRIORITYGROUP_4
NVIC.SPI1_IRQn=true\:0\:0\:false\:false\:true\:false\:true
NVIC.SPI2_IRQn=true\:0\:0\:false\:false\:true\:false\:true
NVIC.SVCall_IRQn=true\:0\:0\:false\:false\:true\:false\:false
NVIC.SysTick_IRQn=true\:0\:0\:false\:false\:true\:false\:true
NVIC.UsageFault_IRQn=true\:0\:0\:false\:false\:true\:false\:false
PA0.Locked=true
PA0.Mode=IN16-Single-Ended
PA0.Signal=ADC1_INP16
PA1.Locked=true
PA1.Mode=IN17-Single-Ended
PA1.Signal=ADC1_INP17
PA15\ (JTDI).Locked=true
PA15\ (JTDI).Mode=NSS_Signal_Hard_Input
PA15\ (JTDI).Signal=SPI3_NSS
PA2.Locked=true
PA2.Signal=ADCx_INP14
PA3.Locked=true
PA3.Signal=ADCx_INP15
PA4.Locked=true
PA4.Signal=ADCx_INP18
PA5.Locked=true
PA5.Signal=ADCx_INP19
PA6.Locked=true
PA6.Signal=ADCx_INP3
PA7.Locked=true
PA7.Signal=ADCx_INP7
PB0.Locked=true
PB0.Signal=ADCx_INP9
PB1.Locked=true
PB1.Signal=ADCx_INP5
PB12.GPIOParameters=GPIO_Speed
PB12.GPIO_Speed=GPIO_SPEED_FREQ_HIGH
PB12.Mode=NSS_Signal_Hard_Input
PB12.Signal=SPI2_NSS
PB13.GPIOParameters=GPIO_Speed
PB13.GPIO_Speed=GPIO_SPEED_FREQ_HIGH
PB13.Locked=true
PB13.Mode=Full_Duplex_Slave
PB13.Signal=SPI2_SCK
PB14.GPIOParameters=GPIO_Speed
PB14.GPIO_Speed=GPIO_SPEED_FREQ_HIGH
PB14.Locked=true
PB14.Mode=Full_Duplex_Slave
PB14.Signal=SPI2_MISO
PB15.GPIOParameters=GPIO_Speed
PB15.GPIO_Speed=GPIO_SPEED_FREQ_HIGH
PB15.Locked=true
PB15.Mode=Full_Duplex_Slave
PB15.Signal=SPI2_MOSI
PC10.Mode=Full_Duplex_Slave
PC10.Signal=SPI3_SCK
PC11.Mode=Full_Duplex_Slave
PC11.Signal=SPI3_MISO
PC12.Locked=true
PC12.Mode=Full_Duplex_Slave
PC12.Signal=SPI3_MOSI
PC4.Locked=true
PC4.Signal=ADCx_INP4
PC5.Locked=true
PC5.Signal=ADCx_INP8
PCC.Checker=true
PCC.Line=STM32H750 Value line
PCC.MCU=STM32H750ZBTx
PCC.PartNumber=STM32H750ZBTx
PCC.Seq0=2
PCC.Seq0.Step0.Average_Current=114.11 mA
PCC.Seq0.Step0.CPU_Frequency=400 MHz
PCC.Seq0.Step0.Category=In DS Table
PCC.Seq0.Step0.DMIPS=856.00006
PCC.Seq0.Step0.Duration=0.1 ms
PCC.Seq0.Step0.Frequency=25 MHz
PCC.Seq0.Step0.Memory=SRAM1
PCC.Seq0.Step0.Mode=RUN
PCC.Seq0.Step0.Oscillator=HSE BYP PLL Flash-LP Cache-ON
PCC.Seq0.Step0.Peripherals=ADC1 ADC2 Bridge_AHB1 Bridge_AHB2 Bridge_APB1 Bridge_APB2 DMA1 DMA2 HRTIM RNG SPI1 SPI2 Bridge_AHB4 Bridge_APB4 GPIOA GPIOB GPIOC GPIOD GPIOG GPIOH SYS
PCC.Seq0.Step0.SubMode1=DRUN/CRUN
PCC.Seq0.Step0.SubMode2=DRUN
PCC.Seq0.Step0.SubMode3=DRUN
PCC.Seq0.Step0.TaMax=109.94
PCC.Seq0.Step0.User's_Consumption=0 mA
PCC.Seq0.Step0.Vcore=VOS1\: Scale1-High
PCC.Seq0.Step0.Vdd=3.0
PCC.Seq0.Step0.Voltage_Source=Battery
PCC.Seq0.Step1.Average_Current=170 \u00B5A
PCC.Seq0.Step1.CPU_Frequency=0 Hz
PCC.Seq0.Step1.Category=In DS Table
PCC.Seq0.Step1.DMIPS=0.0
PCC.Seq0.Step1.Duration=0.9 ms
PCC.Seq0.Step1.Frequency=0 Hz
PCC.Seq0.Step1.Memory=NA
PCC.Seq0.Step1.Mode=STOP
PCC.Seq0.Step1.Oscillator=Flash-LP
PCC.Seq0.Step1.Peripherals=
PCC.Seq0.Step1.SubMode1=DSTANDBY
PCC.Seq0.Step1.SubMode2=DSTANDBY
PCC.Seq0.Step1.SubMode3=DSTOP
PCC.Seq0.Step1.TaMax=124.98
PCC.Seq0.Step1.User's_Consumption=0 mA
PCC.Seq0.Step1.Vcore=SVOS5\: System-Scale5
PCC.Seq0.Step1.Vdd=3.0
PCC.Seq0.Step1.Voltage_Source=Battery
PCC.Series=STM32H7
PCC.Temperature=25
PCC.Vdd=3.0
PD11.Locked=true
PD11.Signal=GPXTI11
PD7.GPIOParameters=GPIO_Speed
PD7.GPIO_Speed=GPIO_SPEED_FREQ_HIGH
PD7.Mode=Full_Duplex_Master
PD7.Signal=SPI1_MOSI
PF11.Locked=true
PF11.Signal=GPIO_Output
PG10.GPIOParameters=GPIO_Speed
PG10.GPIO_Speed=GPIO_SPEED_FREQ_HIGH
PG10.Locked=true
PG10.Mode=NSS_Signal_Hard_Output
PG10.Signal=SPI1_NSS
PG11.GPIOParameters=GPIO_Speed
PG11.GPIO_Speed=GPIO_SPEED_FREQ_HIGH
PG11.Mode=Full_Duplex_Master
PG11.Signal=SPI1_SCK
PG9.GPIOParameters=GPIO_Speed
PG9.GPIO_Speed=GPIO_SPEED_FREQ_HIGH
PG9.Mode=Full_Duplex_Master
PG9.Signal=SPI1_MISO
PH0-OSC_IN\ (PH0).Mode=HSE-External-Oscillator
PH0-OSC_IN\ (PH0).Signal=RCC_OSC_IN
PH1-OSC_OUT\ (PH1).Mode=HSE-External-Oscillator
PH1-OSC_OUT\ (PH1).Signal=RCC_OSC_OUT
PinOutPanel.RotationAngle=0
ProjectManager.AskForMigrate=true
ProjectManager.BackupPrevious=false
ProjectManager.CompilerOptimize=6
ProjectManager.ComputerToolchain=false
ProjectManager.CoupleFile=false
ProjectManager.CustomerFirmwarePackage=
ProjectManager.DefaultFWLocation=true
ProjectManager.DeletePrevious=true
ProjectManager.DeviceId=STM32H750ZBTx
ProjectManager.FirmwarePackage=STM32Cube FW_H7 V1.8.0
ProjectManager.FreePins=false
ProjectManager.HalAssertFull=false
ProjectManager.HeapSize=0x200
ProjectManager.KeepUserCode=true
ProjectManager.LastFirmware=true
ProjectManager.LibraryCopy=1
ProjectManager.MainLocation=Core/Src
ProjectManager.NoMain=false
ProjectManager.PreviousToolchain=
ProjectManager.ProjectBuild=false
ProjectManager.ProjectFileName=electrosteel_string_H750ZB.ioc
ProjectManager.ProjectName=electrosteel_string_H750ZB
ProjectManager.RegisterCallBack=
ProjectManager.StackSize=0x400
ProjectManager.TargetToolchain=STM32CubeIDE
ProjectManager.ToolChainLocation=
ProjectManager.UnderRoot=true
ProjectManager.functionlistsort=1-MX_GPIO_Init-GPIO-false-HAL-true,2-MX_DMA_Init-DMA-false-HAL-true,3-SystemClock_Config-RCC-false-HAL-false,4-MX_ADC1_Init-ADC1-false-HAL-true,5-MX_ADC2_Init-ADC2-false-HAL-true,6-MX_HRTIM_Init-HRTIM-false-HAL-true,7-MX_SPI1_Init-SPI1-false-HAL-true,8-MX_SPI2_Init-SPI2-false-HAL-true,9-MX_RNG_Init-RNG-false-HAL-true,0-MX_CORTEX_M7_Init-CORTEX_M7-false-HAL-true
RCC.ADCFreq_Value=36000000
RCC.AHB12Freq_Value=240000000
RCC.AHB4Freq_Value=240000000
RCC.APB1Freq_Value=120000000
RCC.APB2Freq_Value=120000000
RCC.APB3Freq_Value=120000000
RCC.APB4Freq_Value=120000000
RCC.AXIClockFreq_Value=240000000
RCC.CECFreq_Value=32000
RCC.CKPERFreq_Value=64000000
RCC.CortexFreq_Value=480000000
RCC.CpuClockFreq_Value=480000000
RCC.D1CPREFreq_Value=480000000
RCC.D1PPRE=RCC_APB3_DIV2
RCC.D2PPRE1=RCC_APB1_DIV2
RCC.D2PPRE2=RCC_APB2_DIV2
RCC.D3PPRE=RCC_APB4_DIV2
RCC.DFSDMACLkFreq_Value=129000000
RCC.DFSDMFreq_Value=120000000
RCC.DIVN1=480
RCC.DIVN2=216
RCC.DIVP1Freq_Value=480000000
RCC.DIVP2=12
RCC.DIVP2Freq_Value=36000000
RCC.DIVP3Freq_Value=129000000
RCC.DIVQ1Freq_Value=480000000
RCC.DIVQ2Freq_Value=216000000
RCC.DIVQ3Freq_Value=129000000
RCC.DIVR1Freq_Value=480000000
RCC.DIVR2Freq_Value=216000000
RCC.DIVR3Freq_Value=129000000
RCC.FDCANFreq_Value=480000000
RCC.FMCFreq_Value=240000000
RCC.FamilyName=M
RCC.HCLK3ClockFreq_Value=240000000
RCC.HCLKFreq_Value=240000000
RCC.HPRE=RCC_HCLK_DIV2
RCC.HRTIMCLockSelection=RCC_HRTIM1CLK_CPUCLK
RCC.HRTIMFreq_Value=480000000
RCC.I2C123Freq_Value=120000000
RCC.I2C4Freq_Value=120000000
RCC.IPParameters=ADCFreq_Value,AHB12Freq_Value,AHB4Freq_Value,APB1Freq_Value,APB2Freq_Value,APB3Freq_Value,APB4Freq_Value,AXIClockFreq_Value,CECFreq_Value,CKPERFreq_Value,CortexFreq_Value,CpuClockFreq_Value,D1CPREFreq_Value,D1PPRE,D2PPRE1,D2PPRE2,D3PPRE,DFSDMACLkFreq_Value,DFSDMFreq_Value,DIVN1,DIVN2,DIVP1Freq_Value,DIVP2,DIVP2Freq_Value,DIVP3Freq_Value,DIVQ1Freq_Value,DIVQ2Freq_Value,DIVQ3Freq_Value,DIVR1Freq_Value,DIVR2Freq_Value,DIVR3Freq_Value,FDCANFreq_Value,FMCFreq_Value,FamilyName,HCLK3ClockFreq_Value,HCLKFreq_Value,HPRE,HRTIMCLockSelection,HRTIMFreq_Value,I2C123Freq_Value,I2C4Freq_Value,LPTIM1Freq_Value,LPTIM2Freq_Value,LPTIM345Freq_Value,LPUART1Freq_Value,LTDCFreq_Value,MCO1PinFreq_Value,MCO2PinFreq_Value,QSPIFreq_Value,RNGFreq_Value,RTCFreq_Value,SAI1CLockSelection,SAI1Freq_Value,SAI23Freq_Value,SAI4AFreq_Value,SAI4BFreq_Value,SDMMCFreq_Value,SPDIFRXFreq_Value,SPI123Freq_Value,SPI45Freq_Value,SPI6Freq_Value,SWPMI1Freq_Value,SYSCLKFreq_VALUE,SYSCLKSource,Tim1OutputFreq_Value,Tim2OutputFreq_Value,TraceFreq_Value,USART16Freq_Value,USART234578Freq_Value,USBFreq_Value,VCO1OutputFreq_Value,VCO2OutputFreq_Value,VCO3OutputFreq_Value,VCOInput1Freq_Value,VCOInput2Freq_Value,VCOInput3Freq_Value
RCC.LPTIM1Freq_Value=120000000
RCC.LPTIM2Freq_Value=120000000
RCC.LPTIM345Freq_Value=120000000
RCC.LPUART1Freq_Value=120000000
RCC.LTDCFreq_Value=129000000
RCC.MCO1PinFreq_Value=64000000
RCC.MCO2PinFreq_Value=480000000
RCC.QSPIFreq_Value=240000000
RCC.RNGFreq_Value=48000000
RCC.RTCFreq_Value=32000
RCC.SAI1CLockSelection=RCC_SAI1CLKSOURCE_PLL3
RCC.SAI1Freq_Value=129000000
RCC.SAI23Freq_Value=480000000
RCC.SAI4AFreq_Value=480000000
RCC.SAI4BFreq_Value=480000000
RCC.SDMMCFreq_Value=480000000
RCC.SPDIFRXFreq_Value=480000000
RCC.SPI123Freq_Value=480000000
RCC.SPI45Freq_Value=120000000
RCC.SPI6Freq_Value=120000000
RCC.SWPMI1Freq_Value=120000000
RCC.SYSCLKFreq_VALUE=480000000
RCC.SYSCLKSource=RCC_SYSCLKSOURCE_PLLCLK
RCC.Tim1OutputFreq_Value=240000000
RCC.Tim2OutputFreq_Value=240000000
RCC.TraceFreq_Value=64000000
RCC.USART16Freq_Value=120000000
RCC.USART234578Freq_Value=120000000
RCC.USBFreq_Value=480000000
RCC.VCO1OutputFreq_Value=960000000
RCC.VCO2OutputFreq_Value=432000000
RCC.VCO3OutputFreq_Value=258000000
RCC.VCOInput1Freq_Value=2000000
RCC.VCOInput2Freq_Value=2000000
RCC.VCOInput3Freq_Value=2000000
SH.ADCx_INP14.0=ADC1_INP14,IN14-Single-Ended
SH.ADCx_INP14.ConfNb=1
SH.ADCx_INP15.0=ADC1_INP15,IN15-Single-Ended
SH.ADCx_INP15.ConfNb=1
SH.ADCx_INP18.0=ADC1_INP18,IN18-Single-Ended
SH.ADCx_INP18.ConfNb=1
SH.ADCx_INP19.0=ADC1_INP19,IN19-Single-Ended
SH.ADCx_INP19.ConfNb=1
SH.ADCx_INP3.0=ADC1_INP3
SH.ADCx_INP3.1=ADC2_INP3,IN3-Single-Ended
SH.ADCx_INP3.ConfNb=2
SH.ADCx_INP4.0=ADC1_INP4
SH.ADCx_INP4.1=ADC2_INP4,IN4-Single-Ended
SH.ADCx_INP4.ConfNb=2
SH.ADCx_INP5.0=ADC1_INP5
SH.ADCx_INP5.1=ADC2_INP5,IN5-Single-Ended
SH.ADCx_INP5.ConfNb=2
SH.ADCx_INP7.0=ADC1_INP7
SH.ADCx_INP7.1=ADC2_INP7,IN7-Single-Ended
SH.ADCx_INP7.ConfNb=2
SH.ADCx_INP8.0=ADC1_INP8
SH.ADCx_INP8.1=ADC2_INP8,IN8-Single-Ended
SH.ADCx_INP8.ConfNb=2
SH.ADCx_INP9.0=ADC1_INP9
SH.ADCx_INP9.1=ADC2_INP9,IN9-Single-Ended
SH.ADCx_INP9.ConfNb=2
SH.GPXTI11.0=ADC1_EXTI11
SH.GPXTI11.ConfNb=1
SPI1.BaudRatePrescaler=SPI_BAUDRATEPRESCALER_32
SPI1.CalculateBaudRate=15.0 MBits/s
SPI1.DataSize=SPI_DATASIZE_8BIT
SPI1.Direction=SPI_DIRECTION_2LINES
SPI1.IPParameters=VirtualType,Mode,Direction,BaudRatePrescaler,CalculateBaudRate,VirtualNSS,DataSize
SPI1.Mode=SPI_MODE_MASTER
SPI1.VirtualNSS=VM_NSSHARD
SPI1.VirtualType=VM_MASTER
SPI2.DataSize=SPI_DATASIZE_8BIT
SPI2.Direction=SPI_DIRECTION_2LINES
SPI2.IPParameters=VirtualType,Mode,Direction,VirtualNSS,DataSize
SPI2.Mode=SPI_MODE_SLAVE
SPI2.VirtualNSS=VM_NSSHARD
SPI2.VirtualType=VM_SLAVE
SPI3.Direction=SPI_DIRECTION_2LINES
SPI3.IPParameters=VirtualType,Mode,Direction,VirtualNSS
SPI3.Mode=SPI_MODE_SLAVE
SPI3.VirtualNSS=VM_NSSHARD
SPI3.VirtualType=VM_SLAVE
VP_HRTIM_VS_hrtimTimerANoOutput.Mode=No_output_TA
VP_HRTIM_VS_hrtimTimerANoOutput.Signal=HRTIM_VS_hrtimTimerANoOutput
VP_RNG_VS_RNG.Mode=RNG_Activate
VP_RNG_VS_RNG.Signal=RNG_VS_RNG
VP_SYS_VS_Systick.Mode=SysTick
VP_SYS_VS_Systick.Signal=SYS_VS_Systick
board=custom
isbadioc=false
